
Microsoft Visual Studio Solution File, Format Version 12.00
# Visual Studio Version 16
VisualStudioVersion = 16.0.31313.79
MinimumVisualStudioVersion = 10.0.40219.1
Project("{8BC9CEB8-8B4A-11D0-8D11-00A0C91BC942}") = "MergeRelocate", "MergeRelocate.vcxproj", "{5C32B87B-7993-4C74-8271-05C2DFE0E288}"
EndProject
Project("{8BC9CEB8-8B4A-11D0-8D11-00A0C91BC942}") = "HexCompare", "..\HexCompare\HexCompare.vcxproj", "{0F38D4FA-E2FF-4D0E-8E8B-2EB8C635E86C}"
EndProject
Project("{FAE04EC0-301F-11D3-BF4B-00C04F79EFBC}") = "DisAsm6502", "..\..\..\..\..\..\..\DisAsm6502\DisAsm6502.csproj", "{93FB4FE5-0DCC-41E8-9E91-CDA887239186}"
EndProject
Global
	GlobalSection(SolutionConfigurationPlatforms) = preSolution
		Debug|Any CPU = Debug|Any CPU
		Debug|x64 = Debug|x64
		Debug|x86 = Debug|x86
		Release|Any CPU = Release|Any CPU
		Release|x64 = Release|x64
		Release|x86 = Release|x86
	EndGlobalSection
	GlobalSection(ProjectConfigurationPlatforms) = postSolution
		{5C32B87B-7993-4C74-8271-05C2DFE0E288}.Debug|Any CPU.ActiveCfg = Debug|Win32
		{5C32B87B-7993-4C74-8271-05C2DFE0E288}.Debug|x64.ActiveCfg = Debug|x64
		{5C32B87B-7993-4C74-8271-05C2DFE0E288}.Debug|x64.Build.0 = Debug|x64
		{5C32B87B-7993-4C74-8271-05C2DFE0E288}.Debug|x86.ActiveCfg = Debug|Win32
		{5C32B87B-7993-4C74-8271-05C2DFE0E288}.Debug|x86.Build.0 = Debug|Win32
		{5C32B87B-7993-4C74-8271-05C2DFE0E288}.Release|Any CPU.ActiveCfg = Release|Win32
		{5C32B87B-7993-4C74-8271-05C2DFE0E288}.Release|x64.ActiveCfg = Release|x64
		{5C32B87B-7993-4C74-8271-05C2DFE0E288}.Release|x64.Build.0 = Release|x64
		{5C32B87B-7993-4C74-8271-05C2DFE0E288}.Release|x86.ActiveCfg = Release|Win32
		{5C32B87B-7993-4C74-8271-05C2DFE0E288}.Release|x86.Build.0 = Release|Win32
		{0F38D4FA-E2FF-4D0E-8E8B-2EB8C635E86C}.Debug|Any CPU.ActiveCfg = Debug|Win32
		{0F38D4FA-E2FF-4D0E-8E8B-2EB8C635E86C}.Debug|x64.ActiveCfg = Debug|x64
		{0F38D4FA-E2FF-4D0E-8E8B-2EB8C635E86C}.Debug|x64.Build.0 = Debug|x64
		{0F38D4FA-E2FF-4D0E-8E8B-2EB8C635E86C}.Debug|x86.ActiveCfg = Debug|Win32
		{0F38D4FA-E2FF-4D0E-8E8B-2EB8C635E86C}.Debug|x86.Build.0 = Debug|Win32
		{0F38D4FA-E2FF-4D0E-8E8B-2EB8C635E86C}.Release|Any CPU.ActiveCfg = Release|Win32
		{0F38D4FA-E2FF-4D0E-8E8B-2EB8C635E86C}.Release|x64.ActiveCfg = Release|x64
		{0F38D4FA-E2FF-4D0E-8E8B-2EB8C635E86C}.Release|x64.Build.0 = Release|x64
		{0F38D4FA-E2FF-4D0E-8E8B-2EB8C635E86C}.Release|x86.ActiveCfg = Release|Win32
		{0F38D4FA-E2FF-4D0E-8E8B-2EB8C635E86C}.Release|x86.Build.0 = Release|Win32
		{93FB4FE5-0DCC-41E8-9E91-CDA887239186}.Debug|Any CPU.ActiveCfg = Debug|Any CPU
		{93FB4FE5-0DCC-41E8-9E91-CDA887239186}.Debug|Any CPU.Build.0 = Debug|Any CPU
		{93FB4FE5-0DCC-41E8-9E91-CDA887239186}.Debug|x64.ActiveCfg = Debug|Any CPU
		{93FB4FE5-0DCC-41E8-9E91-CDA887239186}.Debug|x64.Build.0 = Debug|Any CPU
		{93FB4FE5-0DCC-41E8-9E91-CDA887239186}.Debug|x86.ActiveCfg = Debug|Any CPU
		{93FB4FE5-0DCC-41E8-9E91-CDA887239186}.Debug|x86.Build.0 = Debug|Any CPU
		{93FB4FE5-0DCC-41E8-9E91-CDA887239186}.Release|Any CPU.ActiveCfg = Release|Any CPU
		{93FB4FE5-0DCC-41E8-9E91-CDA887239186}.Release|Any CPU.Build.0 = Release|Any CPU
		{93FB4FE5-0DCC-41E8-9E91-CDA887239186}.Release|x64.ActiveCfg = Release|x64
		{93FB4FE5-0DCC-41E8-9E91-CDA887239186}.Release|x64.Build.0 = Release|x64
		{93FB4FE5-0DCC-41E8-9E91-CDA887239186}.Release|x86.ActiveCfg = Release|Any CPU
		{93FB4FE5-0DCC-41E8-9E91-CDA887239186}.Release|x86.Build.0 = Release|Any CPU
	EndGlobalSection
	GlobalSection(SolutionProperties) = preSolution
		HideSolutionNode = FALSE
	EndGlobalSection
	GlobalSection(ExtensibilityGlobals) = postSolution
		SolutionGuid = {EFFB6FF1-1E61-48F0-A638-0E09A6DA68B7}
	EndGlobalSection
EndGlobal
